
Microsoft Visual Studio Solution File, Format Version 12.00
# Visual Studio Version 17
VisualStudioVersion = 17.3.32929.385
MinimumVisualStudioVersion = 10.0.40219.1
Project("{FAE04EC0-301F-11D3-BF4B-00C04F79EFBC}") = "Lab3", "Lab3\Lab3.csproj", "{F884A8E8-C9EC-4BFC-84CA-CFBEFD35690B}"
EndProject
Global
	GlobalSection(SolutionConfigurationPlatforms) = preSolution
		Debug|Any CPU = Debug|Any CPU
		Release|Any CPU = Release|Any CPU
	EndGlobalSection
	GlobalSection(ProjectConfigurationPlatforms) = postSolution
		{F884A8E8-C9EC-4BFC-84CA-CFBEFD35690B}.Debug|Any CPU.ActiveCfg = Debug|Any CPU
		{F884A8E8-C9EC-4BFC-84CA-CFBEFD35690B}.Debug|Any CPU.Build.0 = Debug|Any CPU
		{F884A8E8-C9EC-4BFC-84CA-CFBEFD35690B}.Release|Any CPU.ActiveCfg = Release|Any CPU
		{F884A8E8-C9EC-4BFC-84CA-CFBEFD35690B}.Release|Any CPU.Build.0 = Release|Any CPU
	EndGlobalSection
	GlobalSection(SolutionProperties) = preSolution
		HideSolutionNode = FALSE
	EndGlobalSection
	GlobalSection(ExtensibilityGlobals) = postSolution
		SolutionGuid = {BFB65884-82B8-4F54-95D5-20F4AD621478}
	EndGlobalSection
EndGlobal
